dependencies:
  espressif/cjson:
    component_hash: e788323270d90738662d66fffa910bfe1fba019bba087f01557e70c40485b469
    dependencies:
    - name: idf
      require: private
      version: '>=5.0'
    source:
      registry_url: https://components.espressif.com/
      type: service
    version: 1.7.19~2
  espressif/esp_h264:
    component_hash: 5ccc09adefccabade1530b9dd106d07c3c96e991dc35b5516063165ef60c5646
    dependencies:
    - name: idf
      require: private
      version: '>=4.4'
    source:
      registry_url: https://components.espressif.com/
      type: service
    targets:
    - esp32s3
    - esp32s31
    - esp32p4
    version: 1.3.6
  espressif/mdns:
    component_hash: e81ca7a7f53ea34e78274df054da692c272e1315572876b237b1748e267c013b
    dependencies:
    - name: idf
      require: private
      version: '>=5.0'
    source:
      registry_url: https://components.espressif.com/
      type: service
    version: 1.11.3
  espressif/tinyusb:
    component_hash: a72b7d67472914ab76309340fd50d578b31e310963d45ad0f81144bde3314752
    dependencies:
    - name: idf
      require: private
      version: '>=5.0'
    source:
      registry_url: https://components.espressif.com/
      type: service
    targets:
    - esp32s2
    - esp32s3
    - esp32p4
    - esp32h4
    - esp32s31
    version: 0.21.0~1
  idf:
    source:
      type: idf
    version: 6.0.1
direct_dependencies:
- espressif/cjson
- espressif/esp_h264
- espressif/mdns
- espressif/tinyusb
- idf
manifest_hash: 1dec88f96a83a332c6d56ff7503289b093bad1e14aea7656987573d57948b0a2
target: esp32p4
version: 3.0.0
